PODS:
  - app_tracking_transparency (0.0.1):
    - Flutter
  - device_info (0.0.1):
    - Flutter
  - Flutter (1.0.0)
  - flutter_secure_storage (6.0.0):
    - Flutter
  - fluttertoast (0.0.2):
    - Flutter
    - Toast
  - in_app_review (0.2.0):
    - Flutter
  - launch_review (0.0.1):
    - Flutter
  - package_info_plus (0.4.5):
    - Flutter
  - path_provider_foundation (0.0.1):
    - Flutter
    - FlutterMacOS
  - share (0.0.1):
    - Flutter
  - shared_preferences_foundation (0.0.1):
    - Flutter
    - FlutterMacOS
  - Toast (4.1.0)
  - url_launcher_ios (0.0.1):
    - Flutter

DEPENDENCIES:
  - app_tracking_transparency (from `.symlinks/plugins/app_tracking_transparency/ios`)
  - device_info (from `.symlinks/plugins/device_info/ios`)
  - Flutter (from `Flutter`)
  - flutter_secure_storage (from `.symlinks/plugins/flutter_secure_storage/ios`)
  - fluttertoast (from `.symlinks/plugins/fluttertoast/ios`)
  - in_app_review (from `.symlinks/plugins/in_app_review/ios`)
  - launch_review (from `.symlinks/plugins/launch_review/ios`)
  - package_info_plus (from `.symlinks/plugins/package_info_plus/ios`)
  - path_provider_foundation (from `.symlinks/plugins/path_provider_foundation/darwin`)
  - share (from `.symlinks/plugins/share/ios`)
  - shared_preferences_foundation (from `.symlinks/plugins/shared_preferences_foundation/darwin`)
  - url_launcher_ios (from `.symlinks/plugins/url_launcher_ios/ios`)

SPEC REPOS:
  trunk:
    - Toast

EXTERNAL SOURCES:
  app_tracking_transparency:
    :path: ".symlinks/plugins/app_tracking_transparency/ios"
  device_info:
    :path: ".symlinks/plugins/device_info/ios"
  Flutter:
    :path: Flutter
  flutter_secure_storage:
    :path: ".symlinks/plugins/flutter_secure_storage/ios"
  fluttertoast:
    :path: ".symlinks/plugins/fluttertoast/ios"
  in_app_review:
    :path: ".symlinks/plugins/in_app_review/ios"
  launch_review:
    :path: ".symlinks/plugins/launch_review/ios"
  package_info_plus:
    :path: ".symlinks/plugins/package_info_plus/ios"
  path_provider_foundation:
    :path: ".symlinks/plugins/path_provider_foundation/darwin"
  share:
    :path: ".symlinks/plugins/share/ios"
  shared_preferences_foundation:
    :path: ".symlinks/plugins/shared_preferences_foundation/darwin"
  url_launcher_ios:
    :path: ".symlinks/plugins/url_launcher_ios/ios"

SPEC CHECKSUMS:
  app_tracking_transparency: e169b653478da7bb15a6c61209015378ca73e375
  device_info: d7d233b645a32c40dfdc212de5cf646ca482f175
  Flutter: e0871f40cf51350855a761d2e70bf5af5b9b5de7
  flutter_secure_storage: d33dac7ae2ea08509be337e775f6b59f1ff45f12
  fluttertoast: e9a18c7be5413da53898f660530c56f35edfba9c
  in_app_review: 318597b3a06c22bb46dc454d56828c85f444f99d
  launch_review: 75d5a956ba8eaa493e9c9d4bf4c05e505e8d5ed0
  package_info_plus: 58f0028419748fad15bf008b270aaa8e54380b1c
  path_provider_foundation: 2b6b4c569c0fb62ec74538f866245ac84301af46
  share: 0b2c3e82132f5888bccca3351c504d0003b3b410
  shared_preferences_foundation: fcdcbc04712aee1108ac7fda236f363274528f78
  Toast: ec33c32b8688982cecc6348adeae667c1b9938da
  url_launcher_ios: 5334b05cef931de560670eeae103fd3e431ac3fe

PODFILE CHECKSUM: cc1f88378b4bfcf93a6ce00d2c587857c6008d3b

COCOAPODS: 1.15.2
